{
  "version": 4,
  "terraform_version": "1.10.5",
  "serial": 46,
  "lineage": "dcc94935-bea8-9979-b513-304addf3875c",
  "outputs": {
    "droplet_day01_ipv4_addr": {
      "value": "143.198.223.25",
      "type": "string"
    },
    "infra_course_certificate_public_key": {
      "value": "ssh-rsa AAAAB3NzaC1yc2EAAAADAQABAAABgQDFiSfI8J2W7xV0uk8YM+ge0zVaI9QLlF6gCqlkSrxtyE97q0i1B+uDH6BZux10sH5THKCUdYiCGOLocBLGp9DZBCb1KJn978X1LgYFXKVOjRZGvH3m2aekbQTrCu23nJuKz9JsBJoXMjFDb9YRXxeFiVmkZ/ODwc7vB7pHcHRTIbp/jjPwvhaKVBpgqOUkjRWzJiO8UPxhmsBhAvbL9sRCzsCnzpCcQdve/3KhIB0daswlXonxTccC5Ipz9cxYec5TlG6x/5JGSUuT47XNMlZWpn7fGLHSjsVpduRGaVHWbgnEH/gb9cvkPc+peCxkZs7lvKVSG+2ZZILfGrTZJTRCNQD69hfdN+bewgQvi/kUIYvQkAQG5LdN3Pnp70ja1A72FrXs+Q5gR75uQDPby0ix4H1UZyK50ZztdWcWqyNdmTkNfGyibDNfWAkESp8lTi7z7uoHhvOuCuM2i09Ih3idOHr9KEgsgbpcbNQXNDZKEHhhfon3Kc34RytgEUmHx90= Admin123@wc-tan-1kst3",
      "type": "string"
    },
    "infra_course_fingerprint": {
      "value": "6c:e8:12:46:bc:34:51:e3:af:40:b8:39:e4:35:2e:53",
      "type": "string"
    }
  },
  "resources": [
    {
      "mode": "data",
      "type": "digitalocean_ssh_key",
      "name": "infra_course",
      "provider": "provider[\"registry.terraform.io/onfocusio/digitalocean\"]",
      "instances": [
        {
          "schema_version": 0,
          "attributes": {
            "fingerprint": "6c:e8:12:46:bc:34:51:e3:af:40:b8:39:e4:35:2e:53",
            "id": 45046827,
            "name": "infra_course",
            "public_key": "ssh-rsa AAAAB3NzaC1yc2EAAAADAQABAAABgQDFiSfI8J2W7xV0uk8YM+ge0zVaI9QLlF6gCqlkSrxtyE97q0i1B+uDH6BZux10sH5THKCUdYiCGOLocBLGp9DZBCb1KJn978X1LgYFXKVOjRZGvH3m2aekbQTrCu23nJuKz9JsBJoXMjFDb9YRXxeFiVmkZ/ODwc7vB7pHcHRTIbp/jjPwvhaKVBpgqOUkjRWzJiO8UPxhmsBhAvbL9sRCzsCnzpCcQdve/3KhIB0daswlXonxTccC5Ipz9cxYec5TlG6x/5JGSUuT47XNMlZWpn7fGLHSjsVpduRGaVHWbgnEH/gb9cvkPc+peCxkZs7lvKVSG+2ZZILfGrTZJTRCNQD69hfdN+bewgQvi/kUIYvQkAQG5LdN3Pnp70ja1A72FrXs+Q5gR75uQDPby0ix4H1UZyK50ZztdWcWqyNdmTkNfGyibDNfWAkESp8lTi7z7uoHhvOuCuM2i09Ih3idOHr9KEgsgbpcbNQXNDZKEHhhfon3Kc34RytgEUmHx90= Admin123@wc-tan-1kst3"
          },
          "sensitive_attributes": [
            [
              {
                "type": "get_attr",
                "value": "name"
              }
            ]
          ]
        }
      ]
    },
    {
      "mode": "managed",
      "type": "digitalocean_droplet",
      "name": "droplet_day01",
      "provider": "provider[\"registry.terraform.io/onfocusio/digitalocean\"]",
      "instances": [
        {
          "schema_version": 1,
          "attributes": {
            "backups": false,
            "created_at": "2025-02-10T08:40:16Z",
            "disk": 25,
            "graceful_shutdown": false,
            "id": "475661314",
            "image": "ubuntu-24-10-x64",
            "ipv4_address": "143.198.223.25",
            "ipv4_address_private": "10.104.0.4",
            "ipv6": false,
            "ipv6_address": "",
            "locked": false,
            "memory": 1024,
            "monitoring": false,
            "name": "droplet-day01-01",
            "price_hourly": 0.00893,
            "price_monthly": 6,
            "private_networking": true,
            "region": "sgp1",
            "resize_disk": true,
            "size": "s-1vcpu-1gb",
            "ssh_keys": [
              "45046827"
            ],
            "status": "active",
            "tags": null,
            "urn": "do:droplet:475661314",
            "user_data": null,
            "vcpus": 1,
            "volume_ids": [],
            "vpc_uuid": "9d7ee119-638e-490c-a44b-68991e3415d9"
          },
          "sensitive_attributes": [],
          "private": "eyJzY2hlbWFfdmVyc2lvbiI6IjEifQ==",
          "dependencies": [
            "data.digitalocean_ssh_key.infra_course"
          ]
        }
      ]
    },
    {
      "mode": "managed",
      "type": "local_file",
      "name": "index_html",
      "provider": "provider[\"registry.terraform.io/hashicorp/local\"]",
      "instances": [
        {
          "schema_version": 0,
          "attributes": {
            "content": "\u003c!DOCTYPE html\u003e\n\u003chtml lang=\"en\"\u003e\n  \u003chead\u003e\n    \u003cmeta charset=\"UTF-8\"\u003e\n    \u003cmeta name=\"viewport\" content=\"width=device-width, initial-scale=1.0\"\u003e\n    \u003ctitle\u003eDocument\u003c/title\u003e\n  \u003c/head\u003e\n  \u003cbody\u003e\n\n    \u003ch1\u003ehello, world\u003c/h1\u003e\n\n    \u003ch2\u003eMy IP address is \u003ccode style=\"color: red;\"\u003e143.198.223.25\u003c/code\u003e\u003c/h2\u003e\n\n    \u003cdiv\u003e\n      \u003cimg src=\"hello.gif\" \u003e\n    \u003c/div\u003e\n    \n  \u003c/body\u003e\n\u003c/html\u003e\n",
            "content_base64": null,
            "content_base64sha256": "V8T/anOwD1HZDLE7N3YjhVPeVnIeRhjcqXghD3WUXgU=",
            "content_base64sha512": "TmcJXbc1FZIX4/sM+a+my6o/o6+M0vO+eP9CUjP35dFmCbwPYNcuL09IYU6GXCLYWb3mTWuA84c+x6WqsAAm0w==",
            "content_md5": "43c48aeb019e7418b679f6a702c835d3",
            "content_sha1": "4710c45b07b1932901253d685d358d76762db323",
            "content_sha256": "57c4ff6a73b00f51d90cb13b3776238553de56721e4618dca978210f75945e05",
            "content_sha512": "4e67095db735159217e3fb0cf9afa6cbaa3fa3af8cd2f3be78ff425233f7e5d16609bc0f60d72e2f4f48614e865c22d859bde64d6b80f3873ec7a5aab00026d3",
            "directory_permission": "0777",
            "file_permission": "0644",
            "filename": "assets/index.html",
            "id": "4710c45b07b1932901253d685d358d76762db323",
            "sensitive_content": null,
            "source": null
          },
          "sensitive_attributes": [
            [
              {
                "type": "get_attr",
                "value": "sensitive_content"
              }
            ]
          ],
          "dependencies": [
            "data.digitalocean_ssh_key.infra_course",
            "digitalocean_droplet.droplet_day01"
          ]
        }
      ]
    },
    {
      "mode": "managed",
      "type": "local_file",
      "name": "nginx_dns",
      "provider": "provider[\"registry.terraform.io/hashicorp/local\"]",
      "instances": [
        {
          "schema_version": 0,
          "attributes": {
            "content": "",
            "content_base64": null,
            "content_base64sha256": "47DEQpj8HBSa+/TImW+5JCeuQeRkm5NMpJWZG3hSuFU=",
            "content_base64sha512": "z4PhNX7vuL3xVChQ1m2AB9Yg5AULVxXcg/SpIdNs6c5H0NE8XYXysP+DGNKHfuwvY7kxvUdBeoGlODJ6+SfaPg==",
            "content_md5": "d41d8cd98f00b204e9800998ecf8427e",
            "content_sha1": "da39a3ee5e6b4b0d3255bfef95601890afd80709",
            "content_sha256": "e3b0c44298fc1c149afbf4c8996fb92427ae41e4649b934ca495991b7852b855",
            "content_sha512": "cf83e1357eefb8bdf1542850d66d8007d620e4050b5715dc83f4a921d36ce9ce47d0d13c5d85f2b0ff8318d2877eec2f63b931bd47417a81a538327af927da3e",
            "directory_permission": "0777",
            "file_permission": "0444",
            "filename": "nginx-143.198.223.25.ntp.io",
            "id": "da39a3ee5e6b4b0d3255bfef95601890afd80709",
            "sensitive_content": null,
            "source": null
          },
          "sensitive_attributes": [
            [
              {
                "type": "get_attr",
                "value": "sensitive_content"
              }
            ]
          ],
          "dependencies": [
            "data.digitalocean_ssh_key.infra_course",
            "digitalocean_droplet.droplet_day01"
          ]
        }
      ]
    }
  ],
  "check_results": null
}
