{
  "version": 4,
  "terraform_version": "1.10.5",
  "serial": 41,
  "lineage": "dcc94935-bea8-9979-b513-304addf3875c",
  "outputs": {
    "infra_course_certificate_public_key": {
      "value": "ssh-rsa AAAAB3NzaC1yc2EAAAADAQABAAABgQDFiSfI8J2W7xV0uk8YM+ge0zVaI9QLlF6gCqlkSrxtyE97q0i1B+uDH6BZux10sH5THKCUdYiCGOLocBLGp9DZBCb1KJn978X1LgYFXKVOjRZGvH3m2aekbQTrCu23nJuKz9JsBJoXMjFDb9YRXxeFiVmkZ/ODwc7vB7pHcHRTIbp/jjPwvhaKVBpgqOUkjRWzJiO8UPxhmsBhAvbL9sRCzsCnzpCcQdve/3KhIB0daswlXonxTccC5Ipz9cxYec5TlG6x/5JGSUuT47XNMlZWpn7fGLHSjsVpduRGaVHWbgnEH/gb9cvkPc+peCxkZs7lvKVSG+2ZZILfGrTZJTRCNQD69hfdN+bewgQvi/kUIYvQkAQG5LdN3Pnp70ja1A72FrXs+Q5gR75uQDPby0ix4H1UZyK50ZztdWcWqyNdmTkNfGyibDNfWAkESp8lTi7z7uoHhvOuCuM2i09Ih3idOHr9KEgsgbpcbNQXNDZKEHhhfon3Kc34RytgEUmHx90= Admin123@wc-tan-1kst3",
      "type": "string"
    },
    "infra_course_fingerprint": {
      "value": "6c:e8:12:46:bc:34:51:e3:af:40:b8:39:e4:35:2e:53",
      "type": "string"
    }
  },
  "resources": [
    {
      "mode": "data",
      "type": "digitalocean_ssh_key",
      "name": "infra_course",
      "provider": "provider[\"registry.terraform.io/onfocusio/digitalocean\"]",
      "instances": [
        {
          "schema_version": 0,
          "attributes": {
            "fingerprint": "6c:e8:12:46:bc:34:51:e3:af:40:b8:39:e4:35:2e:53",
            "id": 45046827,
            "name": "infra_course",
            "public_key": "ssh-rsa AAAAB3NzaC1yc2EAAAADAQABAAABgQDFiSfI8J2W7xV0uk8YM+ge0zVaI9QLlF6gCqlkSrxtyE97q0i1B+uDH6BZux10sH5THKCUdYiCGOLocBLGp9DZBCb1KJn978X1LgYFXKVOjRZGvH3m2aekbQTrCu23nJuKz9JsBJoXMjFDb9YRXxeFiVmkZ/ODwc7vB7pHcHRTIbp/jjPwvhaKVBpgqOUkjRWzJiO8UPxhmsBhAvbL9sRCzsCnzpCcQdve/3KhIB0daswlXonxTccC5Ipz9cxYec5TlG6x/5JGSUuT47XNMlZWpn7fGLHSjsVpduRGaVHWbgnEH/gb9cvkPc+peCxkZs7lvKVSG+2ZZILfGrTZJTRCNQD69hfdN+bewgQvi/kUIYvQkAQG5LdN3Pnp70ja1A72FrXs+Q5gR75uQDPby0ix4H1UZyK50ZztdWcWqyNdmTkNfGyibDNfWAkESp8lTi7z7uoHhvOuCuM2i09Ih3idOHr9KEgsgbpcbNQXNDZKEHhhfon3Kc34RytgEUmHx90= Admin123@wc-tan-1kst3"
          },
          "sensitive_attributes": [
            [
              {
                "type": "get_attr",
                "value": "name"
              }
            ]
          ]
        }
      ]
    },
    {
      "mode": "managed",
      "type": "digitalocean_droplet",
      "name": "droplet_day01",
      "provider": "provider[\"registry.terraform.io/onfocusio/digitalocean\"]",
      "instances": [
        {
          "status": "tainted",
          "schema_version": 1,
          "attributes": {
            "backups": false,
            "created_at": "2025-02-10T08:37:00Z",
            "disk": 25,
            "graceful_shutdown": false,
            "id": "475660783",
            "image": "ubuntu-24-10-x64",
            "ipv4_address": "165.22.62.44",
            "ipv4_address_private": "10.104.0.3",
            "ipv6": false,
            "ipv6_address": "",
            "locked": false,
            "memory": 1024,
            "monitoring": false,
            "name": "droplet-day01-01",
            "price_hourly": 0.00893,
            "price_monthly": 6,
            "private_networking": true,
            "region": "sgp1",
            "resize_disk": true,
            "size": "s-1vcpu-1gb",
            "ssh_keys": [
              "45046827"
            ],
            "status": "active",
            "tags": null,
            "urn": "do:droplet:475660783",
            "user_data": null,
            "vcpus": 1,
            "volume_ids": [],
            "vpc_uuid": "9d7ee119-638e-490c-a44b-68991e3415d9"
          },
          "sensitive_attributes": [],
          "private": "eyJzY2hlbWFfdmVyc2lvbiI6IjEifQ==",
          "dependencies": [
            "data.digitalocean_ssh_key.infra_course"
          ]
        }
      ]
    }
  ],
  "check_results": null
}
