{
  "version": 4,
  "terraform_version": "1.10.5",
  "serial": 21,
  "lineage": "23e24d2d-e5e5-6f89-46e4-feebf237d12a",
  "outputs": {
    "droplet_day01_ipv4_addr": {
      "value": "159.223.95.119",
      "type": "string"
    },
    "infra_course_certificate_public_key": {
      "value": "ssh-rsa AAAAB3NzaC1yc2EAAAADAQABAAABgQDFiSfI8J2W7xV0uk8YM+ge0zVaI9QLlF6gCqlkSrxtyE97q0i1B+uDH6BZux10sH5THKCUdYiCGOLocBLGp9DZBCb1KJn978X1LgYFXKVOjRZGvH3m2aekbQTrCu23nJuKz9JsBJoXMjFDb9YRXxeFiVmkZ/ODwc7vB7pHcHRTIbp/jjPwvhaKVBpgqOUkjRWzJiO8UPxhmsBhAvbL9sRCzsCnzpCcQdve/3KhIB0daswlXonxTccC5Ipz9cxYec5TlG6x/5JGSUuT47XNMlZWpn7fGLHSjsVpduRGaVHWbgnEH/gb9cvkPc+peCxkZs7lvKVSG+2ZZILfGrTZJTRCNQD69hfdN+bewgQvi/kUIYvQkAQG5LdN3Pnp70ja1A72FrXs+Q5gR75uQDPby0ix4H1UZyK50ZztdWcWqyNdmTkNfGyibDNfWAkESp8lTi7z7uoHhvOuCuM2i09Ih3idOHr9KEgsgbpcbNQXNDZKEHhhfon3Kc34RytgEUmHx90= Admin123@wc-tan-1kst3",
      "type": "string"
    },
    "infra_course_fingerprint": {
      "value": "6c:e8:12:46:bc:34:51:e3:af:40:b8:39:e4:35:2e:53",
      "type": "string"
    }
  },
  "resources": [
    {
      "mode": "data",
      "type": "digitalocean_ssh_key",
      "name": "infra_course",
      "provider": "provider[\"registry.terraform.io/onfocusio/digitalocean\"]",
      "instances": [
        {
          "schema_version": 0,
          "attributes": {
            "fingerprint": "6c:e8:12:46:bc:34:51:e3:af:40:b8:39:e4:35:2e:53",
            "id": 45046827,
            "name": "infra_course",
            "public_key": "ssh-rsa AAAAB3NzaC1yc2EAAAADAQABAAABgQDFiSfI8J2W7xV0uk8YM+ge0zVaI9QLlF6gCqlkSrxtyE97q0i1B+uDH6BZux10sH5THKCUdYiCGOLocBLGp9DZBCb1KJn978X1LgYFXKVOjRZGvH3m2aekbQTrCu23nJuKz9JsBJoXMjFDb9YRXxeFiVmkZ/ODwc7vB7pHcHRTIbp/jjPwvhaKVBpgqOUkjRWzJiO8UPxhmsBhAvbL9sRCzsCnzpCcQdve/3KhIB0daswlXonxTccC5Ipz9cxYec5TlG6x/5JGSUuT47XNMlZWpn7fGLHSjsVpduRGaVHWbgnEH/gb9cvkPc+peCxkZs7lvKVSG+2ZZILfGrTZJTRCNQD69hfdN+bewgQvi/kUIYvQkAQG5LdN3Pnp70ja1A72FrXs+Q5gR75uQDPby0ix4H1UZyK50ZztdWcWqyNdmTkNfGyibDNfWAkESp8lTi7z7uoHhvOuCuM2i09Ih3idOHr9KEgsgbpcbNQXNDZKEHhhfon3Kc34RytgEUmHx90= Admin123@wc-tan-1kst3"
          },
          "sensitive_attributes": [
            [
              {
                "type": "get_attr",
                "value": "name"
              }
            ]
          ]
        }
      ]
    },
    {
      "mode": "managed",
      "type": "digitalocean_droplet",
      "name": "droplet_day01",
      "provider": "provider[\"registry.terraform.io/onfocusio/digitalocean\"]",
      "instances": [
        {
          "schema_version": 1,
          "attributes": {
            "backups": false,
            "created_at": "2025-02-11T06:29:01Z",
            "disk": 50,
            "graceful_shutdown": false,
            "id": "475867327",
            "image": "ubuntu-24-10-x64",
            "ipv4_address": "159.223.95.119",
            "ipv4_address_private": "10.104.0.3",
            "ipv6": false,
            "ipv6_address": "",
            "locked": false,
            "memory": 2048,
            "monitoring": false,
            "name": "droplet-day01-01",
            "price_hourly": 0.01786,
            "price_monthly": 12,
            "private_networking": true,
            "region": "sgp1",
            "resize_disk": true,
            "size": "s-1vcpu-2gb",
            "ssh_keys": [
              "45046827"
            ],
            "status": "active",
            "tags": null,
            "urn": "do:droplet:475867327",
            "user_data": null,
            "vcpus": 1,
            "volume_ids": [],
            "vpc_uuid": "9d7ee119-638e-490c-a44b-68991e3415d9"
          },
          "sensitive_attributes": [],
          "private": "eyJzY2hlbWFfdmVyc2lvbiI6IjEifQ==",
          "dependencies": [
            "data.digitalocean_ssh_key.infra_course"
          ]
        }
      ]
    },
    {
      "mode": "managed",
      "type": "local_file",
      "name": "inventories_yaml",
      "provider": "provider[\"registry.terraform.io/hashicorp/local\"]",
      "instances": [
        {
          "schema_version": 0,
          "attributes": {
            "content": "all:\n vars:\n  ansible_user: root\n  ansible_connection: ssh\n  ansible_ssh_private_key_file: /home/fred/.ssh/infra_course\n hosts:\n  myserver:\n   ansible_host: 159.223.95.119\n   pkgs_to_install:\n    - name: nginx\n      to_install: present\n    - name: zip\n      to_install: present",
            "content_base64": null,
            "content_base64sha256": "sPJPPA6kD20YjRxV/yYJZ9UBdZ0lLeE/93MCx6KkkVE=",
            "content_base64sha512": "BiYBwFSIklj823mj/Lv/Vzabhz7rsnroidbRCSP6N2F3gd3cgZyUL8sPxNQALER/p2PS9l7XJdqRqCHM3P7J5g==",
            "content_md5": "e83054c52048a8e4a0d9f92da274e823",
            "content_sha1": "fc3cfaed9b0dce538666539a357fc0d78a375c9a",
            "content_sha256": "b0f24f3c0ea40f6d188d1c55ff260967d501759d252de13ff77302c7a2a49151",
            "content_sha512": "062601c054889258fcdb79a3fcbbff57369b873eebb27ae889d6d10923fa37617781dddc819c942fcb0fc4d4002c447fa763d2f65ed725da91a821ccdcfec9e6",
            "directory_permission": "0777",
            "file_permission": "444",
            "filename": "inventories.yaml",
            "id": "fc3cfaed9b0dce538666539a357fc0d78a375c9a",
            "sensitive_content": null,
            "source": null
          },
          "sensitive_attributes": [
            [
              {
                "type": "get_attr",
                "value": "sensitive_content"
              }
            ]
          ],
          "dependencies": [
            "data.digitalocean_ssh_key.infra_course",
            "digitalocean_droplet.droplet_day01"
          ]
        }
      ]
    },
    {
      "mode": "managed",
      "type": "local_file",
      "name": "nginx_dns",
      "provider": "provider[\"registry.terraform.io/hashicorp/local\"]",
      "instances": [
        {
          "schema_version": 0,
          "attributes": {
            "content": "",
            "content_base64": null,
            "content_base64sha256": "47DEQpj8HBSa+/TImW+5JCeuQeRkm5NMpJWZG3hSuFU=",
            "content_base64sha512": "z4PhNX7vuL3xVChQ1m2AB9Yg5AULVxXcg/SpIdNs6c5H0NE8XYXysP+DGNKHfuwvY7kxvUdBeoGlODJ6+SfaPg==",
            "content_md5": "d41d8cd98f00b204e9800998ecf8427e",
            "content_sha1": "da39a3ee5e6b4b0d3255bfef95601890afd80709",
            "content_sha256": "e3b0c44298fc1c149afbf4c8996fb92427ae41e4649b934ca495991b7852b855",
            "content_sha512": "cf83e1357eefb8bdf1542850d66d8007d620e4050b5715dc83f4a921d36ce9ce47d0d13c5d85f2b0ff8318d2877eec2f63b931bd47417a81a538327af927da3e",
            "directory_permission": "0777",
            "file_permission": "0444",
            "filename": "nginx-159.223.95.119.ntp.io",
            "id": "da39a3ee5e6b4b0d3255bfef95601890afd80709",
            "sensitive_content": null,
            "source": null
          },
          "sensitive_attributes": [
            [
              {
                "type": "get_attr",
                "value": "sensitive_content"
              }
            ]
          ],
          "dependencies": [
            "data.digitalocean_ssh_key.infra_course",
            "digitalocean_droplet.droplet_day01"
          ]
        }
      ]
    }
  ],
  "check_results": null
}
